
Microsoft Visual Studio Solution File, Format Version 12.00
# Visual Studio 2017
Project("{FAE04EC0-301F-11D3-BF4B-00C04F79EFBC}") = "ConnectFour", "ConnectFour.csproj", "{E340DD0A-3AA3-4F1F-9D67-012E4F5DFC2A}"
EndProject
Global
	GlobalSection(SolutionConfigurationPlatforms) = preSolution
		Debug|Any CPU = Debug|Any CPU
		Release|Any CPU = Release|Any CPU
	EndGlobalSection
	GlobalSection(ProjectConfigurationPlatforms) = postSolution
		{E340DD0A-3AA3-4F1F-9D67-012E4F5DFC2A}.Debug|Any CPU.ActiveCfg = Debug|Any CPU
		{E340DD0A-3AA3-4F1F-9D67-012E4F5DFC2A}.Debug|Any CPU.Build.0 = Debug|Any CPU
		{E340DD0A-3AA3-4F1F-9D67-012E4F5DFC2A}.Release|Any CPU.ActiveCfg = Release|Any CPU
		{E340DD0A-3AA3-4F1F-9D67-012E4F5DFC2A}.Release|Any CPU.Build.0 = Release|Any CPU
	EndGlobalSection
EndGlobal
